
Microsoft Visual Studio Solution File, Format Version 12.00
# Visual Studio 2013
VisualStudioVersion = 12.0.21005.1
MinimumVisualStudioVersion = 10.0.40219.1
Project("{2150E333-8FDC-42A3-9474-1A3956D46DE8}") = ".nuget", ".nuget", "{00084FCC-0D22-4B8E-B893-67F3C7C1E24A}"
	ProjectSection(SolutionItems) = preProject
		.nuget\NuGet.Config = .nuget\NuGet.Config
	EndProjectSection
EndProject
Project("{2150E333-8FDC-42A3-9474-1A3956D46DE8}") = "testing", "testing", "{B433E6FF-BB8A-44AB-86D2-83C2B9DD3394}"
EndProject
Project("{2150E333-8FDC-42A3-9474-1A3956D46DE8}") = "programming", "programming", "{0E659BF9-B1F2-4302-87D1-8FB27668C5CF}"
EndProject
Project("{2150E333-8FDC-42A3-9474-1A3956D46DE8}") = "logging", "logging", "{987D4805-BA34-49CA-B85D-35948D47E24B}"
EndProject
Project("{2150E333-8FDC-42A3-9474-1A3956D46DE8}") = "messaging", "messaging", "{DFCD7792-EB12-40A7-9C54-130F3AA626E2}"
EndProject
Project("{FAE04EC0-301F-11D3-BF4B-00C04F79EFBC}") = "log4net-example", "logging\log4net-example\log4net-example.csproj", "{3B598E0A-EA67-490C-B1EC-BE8CC0D8186E}"
EndProject
Project("{2150E333-8FDC-42A3-9474-1A3956D46DE8}") = "rabbitmq", "rabbitmq", "{9ADE7C6E-0A9C-4452-93DC-ADA1406B891A}"
	ProjectSection(SolutionItems) = preProject
		messaging\rabbitmq\README.md = messaging\rabbitmq\README.md
	EndProjectSection
EndProject
Project("{FAE04EC0-301F-11D3-BF4B-00C04F79EFBC}") = "algorithms", "programming\algorithms\algorithms.csproj", "{E5DA724A-12F8-4C1E-B99E-93585DE6881E}"
EndProject
Project("{FAE04EC0-301F-11D3-BF4B-00C04F79EFBC}") = "csharp-language-features", "programming\csharp-language-features\csharp-language-features.csproj", "{C5C87041-02FA-41E8-8171-2270000474F6}"
EndProject
Project("{FAE04EC0-301F-11D3-BF4B-00C04F79EFBC}") = "nunit-example", "testing\nunit\nunit-example.csproj", "{A4EA2AE7-0B53-409E-AEC7-402001DDCAF9}"
EndProject
Project("{FAE04EC0-301F-11D3-BF4B-00C04F79EFBC}") = "mstest-unittest-example", "testing\mstest-unittest-example\mstest-unittest-example.csproj", "{5E44EC3F-19BD-4BB7-8EF5-2606502F8F8A}"
EndProject
Project("{2150E333-8FDC-42A3-9474-1A3956D46DE8}") = "1. hello-world", "1. hello-world", "{B7D408E4-AEF1-449D-B519-FEE2C8F94C1F}"
	ProjectSection(SolutionItems) = preProject
		messaging\rabbitmq\hello-world\README.mht = messaging\rabbitmq\hello-world\README.mht
	EndProjectSection
EndProject
Project("{FAE04EC0-301F-11D3-BF4B-00C04F79EFBC}") = "rabbitmq-hello-producer", "messaging\rabbitmq\hello-world\producer\rabbitmq-hello-producer.csproj", "{1DF97C58-C7DC-4C3B-8BD8-0EF2B8B6DA83}"
EndProject
Project("{FAE04EC0-301F-11D3-BF4B-00C04F79EFBC}") = "rabbitmq-hello-consumer", "messaging\rabbitmq\hello-world\consumer\rabbitmq-hello-consumer.csproj", "{05695495-5041-41BE-A6A0-07B25EA20C17}"
EndProject
Project("{2150E333-8FDC-42A3-9474-1A3956D46DE8}") = "Solution Items", "Solution Items", "{D05F9BDB-7745-490F-BB15-F491FB3BED17}"
	ProjectSection(SolutionItems) = preProject
		README.md = README.md
	EndProjectSection
EndProject
Project("{2150E333-8FDC-42A3-9474-1A3956D46DE8}") = "2. work-queues", "2. work-queues", "{D5D05332-EF23-4B5F-BABD-2BA89269A2D8}"
	ProjectSection(SolutionItems) = preProject
		messaging\rabbitmq\work-queues\README.mht = messaging\rabbitmq\work-queues\README.mht
	EndProjectSection
EndProject
Project("{FAE04EC0-301F-11D3-BF4B-00C04F79EFBC}") = "rabbitmq-workqueue-consumer", "messaging\rabbitmq\work-queues\consumer\rabbitmq-workqueue-consumer.csproj", "{9E2053EC-A1E5-4080-9658-A14304B76A9E}"
EndProject
Project("{FAE04EC0-301F-11D3-BF4B-00C04F79EFBC}") = "rabbitmq-workqueue-producer", "messaging\rabbitmq\work-queues\producer\rabbitmq-workqueue-producer.csproj", "{982ADEED-52C5-4BD2-89F9-C9CA7107F9F1}"
EndProject
Project("{2150E333-8FDC-42A3-9474-1A3956D46DE8}") = "3. publish-subscribe", "3. publish-subscribe", "{8900F796-2BAF-49B8-9BB4-D54A029ABCE3}"
	ProjectSection(SolutionItems) = preProject
		messaging\rabbitmq\publish-subscribe\README.mht = messaging\rabbitmq\publish-subscribe\README.mht
	EndProjectSection
EndProject
Project("{FAE04EC0-301F-11D3-BF4B-00C04F79EFBC}") = "rabbitmq-pubsub-consumer", "messaging\rabbitmq\publish-subscribe\rabbitmq-pubsub-consumer\rabbitmq-pubsub-consumer.csproj", "{39D03A58-7012-45AA-A9E7-3026A397F7C0}"
EndProject
Project("{FAE04EC0-301F-11D3-BF4B-00C04F79EFBC}") = "rabbitmq-pubsub-producer", "messaging\rabbitmq\publish-subscribe\rabbitmq-pubsub-producer\rabbitmq-pubsub-producer.csproj", "{7E6A30F6-D79A-4406-9152-C05181069B35}"
EndProject
Project("{2150E333-8FDC-42A3-9474-1A3956D46DE8}") = "4. routing", "4. routing", "{CBA8ABDF-0E7D-468C-954D-A4B4B08659B4}"
	ProjectSection(SolutionItems) = preProject
		messaging\rabbitmq\routing\README.mht = messaging\rabbitmq\routing\README.mht
	EndProjectSection
EndProject
Project("{FAE04EC0-301F-11D3-BF4B-00C04F79EFBC}") = "rabbitmq-routing-consumer", "messaging\rabbitmq\routing\rabbitmq-routing-consumer\rabbitmq-routing-consumer.csproj", "{A76DC8DA-5292-4E57-A01C-C64813502DD2}"
EndProject
Project("{FAE04EC0-301F-11D3-BF4B-00C04F79EFBC}") = "rabbitmq-routing-producer", "messaging\rabbitmq\routing\rabbitmq-routing-producer\rabbitmq-routing-producer.csproj", "{30FCF629-42D1-4558-A221-12C26CFC71F6}"
EndProject
Project("{2150E333-8FDC-42A3-9474-1A3956D46DE8}") = "5. topics", "5. topics", "{22E36355-4D54-4914-8380-882D1F47E9D8}"
	ProjectSection(SolutionItems) = preProject
		messaging\rabbitmq\topics\README.mht = messaging\rabbitmq\topics\README.mht
	EndProjectSection
EndProject
Project("{FAE04EC0-301F-11D3-BF4B-00C04F79EFBC}") = "rabbitmq-topics-consumer", "messaging\rabbitmq\topics\rabbitmq-topics-consumer\rabbitmq-topics-consumer.csproj", "{341E9291-FC3F-4F64-BBF8-B4D21E987990}"
EndProject
Project("{FAE04EC0-301F-11D3-BF4B-00C04F79EFBC}") = "rabbitmq-topics-producer", "messaging\rabbitmq\topics\rabbitmq-topics-producer\rabbitmq-topics-producer.csproj", "{3C0AF4EE-26FE-4E8E-A43D-B610B950B184}"
EndProject
Project("{2150E333-8FDC-42A3-9474-1A3956D46DE8}") = "0. performance test", "0. performance test", "{BFF9ADE0-DE2E-4ADA-A7F2-E5EA27B42D82}"
EndProject
Project("{FAE04EC0-301F-11D3-BF4B-00C04F79EFBC}") = "rabbitmq-perf-consumer", "messaging\rabbitmq\performance-test\rabbitmq-perf-consumer\rabbitmq-perf-consumer.csproj", "{F658BA2C-10F9-411E-953E-1019E2E11283}"
EndProject
Project("{FAE04EC0-301F-11D3-BF4B-00C04F79EFBC}") = "rabbitmq-perf-producer", "messaging\rabbitmq\performance-test\rabbitmq-perf-producer\rabbitmq-perf-producer.csproj", "{7684B167-917D-475B-A65A-292188674ECF}"
EndProject
Project("{2150E333-8FDC-42A3-9474-1A3956D46DE8}") = "activemq", "activemq", "{6F099716-6AC3-4196-8161-2F2A55ADE354}"
EndProject
Project("{2150E333-8FDC-42A3-9474-1A3956D46DE8}") = "0. performance test", "0. performance test", "{FD847DD7-690D-4B08-9BD1-78CD168E03FB}"
EndProject
Project("{FAE04EC0-301F-11D3-BF4B-00C04F79EFBC}") = "activemq-perf-producer", "messaging\activemq\performance-test\activemq-perf-producer\activemq-perf-producer.csproj", "{36D90A9C-5896-4D8F-9D17-40846ADBF4EF}"
EndProject
Project("{FAE04EC0-301F-11D3-BF4B-00C04F79EFBC}") = "activemq-perf-consumer", "messaging\activemq\performance-test\activemq-perf-consumer\activemq-perf-consumer.csproj", "{D484DD1F-D4FC-44DD-8B3F-B288B27CE6C8}"
EndProject
Project("{FAE04EC0-301F-11D3-BF4B-00C04F79EFBC}") = "tibrv-perf-consumer", "messaging\tibrv\performance-test\tibrv-perf-consumer\tibrv-perf-consumer.csproj", "{C6286844-394A-40D2-910A-CF5806CA5583}"
EndProject
Project("{2150E333-8FDC-42A3-9474-1A3956D46DE8}") = "tibrv", "tibrv", "{3CC6B43C-FE8D-436C-BAD7-00D0878B641B}"
EndProject
Project("{FAE04EC0-301F-11D3-BF4B-00C04F79EFBC}") = "tibrv-perf-producer", "messaging\tibrv\performance-test\tibrv-perf-producer\tibrv-perf-producer.csproj", "{69B89370-5F11-4D6C-9386-C8D7A25B188C}"
EndProject
Project("{2150E333-8FDC-42A3-9474-1A3956D46DE8}") = "apollo", "apollo", "{2E6A9F99-CBFC-446C-9B96-605EADDF81CC}"
	ProjectSection(SolutionItems) = preProject
		messaging\apollo\README.md = messaging\apollo\README.md
	EndProjectSection
EndProject
Project("{2150E333-8FDC-42A3-9474-1A3956D46DE8}") = "0. performance test", "0. performance test", "{52A037DA-26A1-404D-AB49-10552BA06521}"
EndProject
Project("{FAE04EC0-301F-11D3-BF4B-00C04F79EFBC}") = "apollo-perf-consumer", "messaging\apollo\performance-test\apollo-perf-consumer\apollo-perf-consumer.csproj", "{E26C4A25-44AD-413D-A7B0-8AB6299C565B}"
EndProject
Project("{FAE04EC0-301F-11D3-BF4B-00C04F79EFBC}") = "apollo-perf-producer", "messaging\apollo\performance-test\apollo-perf-producer\apollo-perf-producer.csproj", "{B0303E30-FAB8-48A7-B37D-D2377D4A02CF}"
EndProject
Project("{2150E333-8FDC-42A3-9474-1A3956D46DE8}") = "zeromq", "zeromq", "{B59B99E4-21FB-4CDD-843C-0491F52DC966}"
EndProject
Project("{FAE04EC0-301F-11D3-BF4B-00C04F79EFBC}") = "zeromq-perf-consumer", "messaging\zeromq\performance-test\zeromq-perf-consumer\zeromq-perf-consumer.csproj", "{CDE048ED-5482-4A37-A53B-D1EB23C8710F}"
EndProject
Project("{FAE04EC0-301F-11D3-BF4B-00C04F79EFBC}") = "zeromq-perf-producer", "messaging\zeromq\performance-test\zeromq-perf-producer\zeromq-perf-producer.csproj", "{EA4F0C4F-5B79-4186-ADEA-CED22DD1B2A2}"
EndProject
Global
	GlobalSection(SolutionConfigurationPlatforms) = preSolution
		Debug|Any CPU = Debug|Any CPU
		Release|Any CPU = Release|Any CPU
	EndGlobalSection
	GlobalSection(ProjectConfigurationPlatforms) = postSolution
		{3B598E0A-EA67-490C-B1EC-BE8CC0D8186E}.Debug|Any CPU.ActiveCfg = Debug|Any CPU
		{3B598E0A-EA67-490C-B1EC-BE8CC0D8186E}.Debug|Any CPU.Build.0 = Debug|Any CPU
		{3B598E0A-EA67-490C-B1EC-BE8CC0D8186E}.Release|Any CPU.ActiveCfg = Release|Any CPU
		{3B598E0A-EA67-490C-B1EC-BE8CC0D8186E}.Release|Any CPU.Build.0 = Release|Any CPU
		{E5DA724A-12F8-4C1E-B99E-93585DE6881E}.Debug|Any CPU.ActiveCfg = Debug|Any CPU
		{E5DA724A-12F8-4C1E-B99E-93585DE6881E}.Debug|Any CPU.Build.0 = Debug|Any CPU
		{E5DA724A-12F8-4C1E-B99E-93585DE6881E}.Release|Any CPU.ActiveCfg = Release|Any CPU
		{E5DA724A-12F8-4C1E-B99E-93585DE6881E}.Release|Any CPU.Build.0 = Release|Any CPU
		{C5C87041-02FA-41E8-8171-2270000474F6}.Debug|Any CPU.ActiveCfg = Debug|Any CPU
		{C5C87041-02FA-41E8-8171-2270000474F6}.Debug|Any CPU.Build.0 = Debug|Any CPU
		{C5C87041-02FA-41E8-8171-2270000474F6}.Release|Any CPU.ActiveCfg = Release|Any CPU
		{C5C87041-02FA-41E8-8171-2270000474F6}.Release|Any CPU.Build.0 = Release|Any CPU
		{A4EA2AE7-0B53-409E-AEC7-402001DDCAF9}.Debug|Any CPU.ActiveCfg = Debug|Any CPU
		{A4EA2AE7-0B53-409E-AEC7-402001DDCAF9}.Debug|Any CPU.Build.0 = Debug|Any CPU
		{A4EA2AE7-0B53-409E-AEC7-402001DDCAF9}.Release|Any CPU.ActiveCfg = Release|Any CPU
		{A4EA2AE7-0B53-409E-AEC7-402001DDCAF9}.Release|Any CPU.Build.0 = Release|Any CPU
		{5E44EC3F-19BD-4BB7-8EF5-2606502F8F8A}.Debug|Any CPU.ActiveCfg = Debug|Any CPU
		{5E44EC3F-19BD-4BB7-8EF5-2606502F8F8A}.Debug|Any CPU.Build.0 = Debug|Any CPU
		{5E44EC3F-19BD-4BB7-8EF5-2606502F8F8A}.Release|Any CPU.ActiveCfg = Release|Any CPU
		{5E44EC3F-19BD-4BB7-8EF5-2606502F8F8A}.Release|Any CPU.Build.0 = Release|Any CPU
		{1DF97C58-C7DC-4C3B-8BD8-0EF2B8B6DA83}.Debug|Any CPU.ActiveCfg = Debug|Any CPU
		{1DF97C58-C7DC-4C3B-8BD8-0EF2B8B6DA83}.Debug|Any CPU.Build.0 = Debug|Any CPU
		{1DF97C58-C7DC-4C3B-8BD8-0EF2B8B6DA83}.Release|Any CPU.ActiveCfg = Release|Any CPU
		{1DF97C58-C7DC-4C3B-8BD8-0EF2B8B6DA83}.Release|Any CPU.Build.0 = Release|Any CPU
		{05695495-5041-41BE-A6A0-07B25EA20C17}.Debug|Any CPU.ActiveCfg = Debug|Any CPU
		{05695495-5041-41BE-A6A0-07B25EA20C17}.Debug|Any CPU.Build.0 = Debug|Any CPU
		{05695495-5041-41BE-A6A0-07B25EA20C17}.Release|Any CPU.ActiveCfg = Release|Any CPU
		{05695495-5041-41BE-A6A0-07B25EA20C17}.Release|Any CPU.Build.0 = Release|Any CPU
		{9E2053EC-A1E5-4080-9658-A14304B76A9E}.Debug|Any CPU.ActiveCfg = Debug|Any CPU
		{9E2053EC-A1E5-4080-9658-A14304B76A9E}.Debug|Any CPU.Build.0 = Debug|Any CPU
		{9E2053EC-A1E5-4080-9658-A14304B76A9E}.Release|Any CPU.ActiveCfg = Release|Any CPU
		{9E2053EC-A1E5-4080-9658-A14304B76A9E}.Release|Any CPU.Build.0 = Release|Any CPU
		{982ADEED-52C5-4BD2-89F9-C9CA7107F9F1}.Debug|Any CPU.ActiveCfg = Debug|Any CPU
		{982ADEED-52C5-4BD2-89F9-C9CA7107F9F1}.Debug|Any CPU.Build.0 = Debug|Any CPU
		{982ADEED-52C5-4BD2-89F9-C9CA7107F9F1}.Release|Any CPU.ActiveCfg = Release|Any CPU
		{982ADEED-52C5-4BD2-89F9-C9CA7107F9F1}.Release|Any CPU.Build.0 = Release|Any CPU
		{39D03A58-7012-45AA-A9E7-3026A397F7C0}.Debug|Any CPU.ActiveCfg = Debug|Any CPU
		{39D03A58-7012-45AA-A9E7-3026A397F7C0}.Debug|Any CPU.Build.0 = Debug|Any CPU
		{39D03A58-7012-45AA-A9E7-3026A397F7C0}.Release|Any CPU.ActiveCfg = Release|Any CPU
		{39D03A58-7012-45AA-A9E7-3026A397F7C0}.Release|Any CPU.Build.0 = Release|Any CPU
		{7E6A30F6-D79A-4406-9152-C05181069B35}.Debug|Any CPU.ActiveCfg = Debug|Any CPU
		{7E6A30F6-D79A-4406-9152-C05181069B35}.Debug|Any CPU.Build.0 = Debug|Any CPU
		{7E6A30F6-D79A-4406-9152-C05181069B35}.Release|Any CPU.ActiveCfg = Release|Any CPU
		{7E6A30F6-D79A-4406-9152-C05181069B35}.Release|Any CPU.Build.0 = Release|Any CPU
		{A76DC8DA-5292-4E57-A01C-C64813502DD2}.Debug|Any CPU.ActiveCfg = Debug|Any CPU
		{A76DC8DA-5292-4E57-A01C-C64813502DD2}.Debug|Any CPU.Build.0 = Debug|Any CPU
		{A76DC8DA-5292-4E57-A01C-C64813502DD2}.Release|Any CPU.ActiveCfg = Release|Any CPU
		{A76DC8DA-5292-4E57-A01C-C64813502DD2}.Release|Any CPU.Build.0 = Release|Any CPU
		{30FCF629-42D1-4558-A221-12C26CFC71F6}.Debug|Any CPU.ActiveCfg = Debug|Any CPU
		{30FCF629-42D1-4558-A221-12C26CFC71F6}.Debug|Any CPU.Build.0 = Debug|Any CPU
		{30FCF629-42D1-4558-A221-12C26CFC71F6}.Release|Any CPU.ActiveCfg = Release|Any CPU
		{30FCF629-42D1-4558-A221-12C26CFC71F6}.Release|Any CPU.Build.0 = Release|Any CPU
		{341E9291-FC3F-4F64-BBF8-B4D21E987990}.Debug|Any CPU.ActiveCfg = Debug|Any CPU
		{341E9291-FC3F-4F64-BBF8-B4D21E987990}.Debug|Any CPU.Build.0 = Debug|Any CPU
		{341E9291-FC3F-4F64-BBF8-B4D21E987990}.Release|Any CPU.ActiveCfg = Release|Any CPU
		{341E9291-FC3F-4F64-BBF8-B4D21E987990}.Release|Any CPU.Build.0 = Release|Any CPU
		{3C0AF4EE-26FE-4E8E-A43D-B610B950B184}.Debug|Any CPU.ActiveCfg = Debug|Any CPU
		{3C0AF4EE-26FE-4E8E-A43D-B610B950B184}.Debug|Any CPU.Build.0 = Debug|Any CPU
		{3C0AF4EE-26FE-4E8E-A43D-B610B950B184}.Release|Any CPU.ActiveCfg = Release|Any CPU
		{3C0AF4EE-26FE-4E8E-A43D-B610B950B184}.Release|Any CPU.Build.0 = Release|Any CPU
		{F658BA2C-10F9-411E-953E-1019E2E11283}.Debug|Any CPU.ActiveCfg = Debug|Any CPU
		{F658BA2C-10F9-411E-953E-1019E2E11283}.Debug|Any CPU.Build.0 = Debug|Any CPU
		{F658BA2C-10F9-411E-953E-1019E2E11283}.Release|Any CPU.ActiveCfg = Release|Any CPU
		{F658BA2C-10F9-411E-953E-1019E2E11283}.Release|Any CPU.Build.0 = Release|Any CPU
		{7684B167-917D-475B-A65A-292188674ECF}.Debug|Any CPU.ActiveCfg = Debug|Any CPU
		{7684B167-917D-475B-A65A-292188674ECF}.Debug|Any CPU.Build.0 = Debug|Any CPU
		{7684B167-917D-475B-A65A-292188674ECF}.Release|Any CPU.ActiveCfg = Release|Any CPU
		{7684B167-917D-475B-A65A-292188674ECF}.Release|Any CPU.Build.0 = Release|Any CPU
		{36D90A9C-5896-4D8F-9D17-40846ADBF4EF}.Debug|Any CPU.ActiveCfg = Debug|Any CPU
		{36D90A9C-5896-4D8F-9D17-40846ADBF4EF}.Debug|Any CPU.Build.0 = Debug|Any CPU
		{36D90A9C-5896-4D8F-9D17-40846ADBF4EF}.Release|Any CPU.ActiveCfg = Release|Any CPU
		{36D90A9C-5896-4D8F-9D17-40846ADBF4EF}.Release|Any CPU.Build.0 = Release|Any CPU
		{D484DD1F-D4FC-44DD-8B3F-B288B27CE6C8}.Debug|Any CPU.ActiveCfg = Debug|Any CPU
		{D484DD1F-D4FC-44DD-8B3F-B288B27CE6C8}.Debug|Any CPU.Build.0 = Debug|Any CPU
		{D484DD1F-D4FC-44DD-8B3F-B288B27CE6C8}.Release|Any CPU.ActiveCfg = Release|Any CPU
		{D484DD1F-D4FC-44DD-8B3F-B288B27CE6C8}.Release|Any CPU.Build.0 = Release|Any CPU
		{C6286844-394A-40D2-910A-CF5806CA5583}.Debug|Any CPU.ActiveCfg = Debug|Any CPU
		{C6286844-394A-40D2-910A-CF5806CA5583}.Debug|Any CPU.Build.0 = Debug|Any CPU
		{C6286844-394A-40D2-910A-CF5806CA5583}.Release|Any CPU.ActiveCfg = Release|Any CPU
		{C6286844-394A-40D2-910A-CF5806CA5583}.Release|Any CPU.Build.0 = Release|Any CPU
		{69B89370-5F11-4D6C-9386-C8D7A25B188C}.Debug|Any CPU.ActiveCfg = Debug|Any CPU
		{69B89370-5F11-4D6C-9386-C8D7A25B188C}.Debug|Any CPU.Build.0 = Debug|Any CPU
		{69B89370-5F11-4D6C-9386-C8D7A25B188C}.Release|Any CPU.ActiveCfg = Release|Any CPU
		{69B89370-5F11-4D6C-9386-C8D7A25B188C}.Release|Any CPU.Build.0 = Release|Any CPU
		{E26C4A25-44AD-413D-A7B0-8AB6299C565B}.Debug|Any CPU.ActiveCfg = Debug|Any CPU
		{E26C4A25-44AD-413D-A7B0-8AB6299C565B}.Debug|Any CPU.Build.0 = Debug|Any CPU
		{E26C4A25-44AD-413D-A7B0-8AB6299C565B}.Release|Any CPU.ActiveCfg = Release|Any CPU
		{E26C4A25-44AD-413D-A7B0-8AB6299C565B}.Release|Any CPU.Build.0 = Release|Any CPU
		{B0303E30-FAB8-48A7-B37D-D2377D4A02CF}.Debug|Any CPU.ActiveCfg = Debug|Any CPU
		{B0303E30-FAB8-48A7-B37D-D2377D4A02CF}.Debug|Any CPU.Build.0 = Debug|Any CPU
		{B0303E30-FAB8-48A7-B37D-D2377D4A02CF}.Release|Any CPU.ActiveCfg = Release|Any CPU
		{B0303E30-FAB8-48A7-B37D-D2377D4A02CF}.Release|Any CPU.Build.0 = Release|Any CPU
		{CDE048ED-5482-4A37-A53B-D1EB23C8710F}.Debug|Any CPU.ActiveCfg = Debug|Any CPU
		{CDE048ED-5482-4A37-A53B-D1EB23C8710F}.Debug|Any CPU.Build.0 = Debug|Any CPU
		{CDE048ED-5482-4A37-A53B-D1EB23C8710F}.Release|Any CPU.ActiveCfg = Release|Any CPU
		{CDE048ED-5482-4A37-A53B-D1EB23C8710F}.Release|Any CPU.Build.0 = Release|Any CPU
		{EA4F0C4F-5B79-4186-ADEA-CED22DD1B2A2}.Debug|Any CPU.ActiveCfg = Debug|Any CPU
		{EA4F0C4F-5B79-4186-ADEA-CED22DD1B2A2}.Debug|Any CPU.Build.0 = Debug|Any CPU
		{EA4F0C4F-5B79-4186-ADEA-CED22DD1B2A2}.Release|Any CPU.ActiveCfg = Release|Any CPU
		{EA4F0C4F-5B79-4186-ADEA-CED22DD1B2A2}.Release|Any CPU.Build.0 = Release|Any CPU
	EndGlobalSection
	GlobalSection(SolutionProperties) = preSolution
		HideSolutionNode = FALSE
	EndGlobalSection
	GlobalSection(NestedProjects) = preSolution
		{A4EA2AE7-0B53-409E-AEC7-402001DDCAF9} = {B433E6FF-BB8A-44AB-86D2-83C2B9DD3394}
		{5E44EC3F-19BD-4BB7-8EF5-2606502F8F8A} = {B433E6FF-BB8A-44AB-86D2-83C2B9DD3394}
		{E5DA724A-12F8-4C1E-B99E-93585DE6881E} = {0E659BF9-B1F2-4302-87D1-8FB27668C5CF}
		{C5C87041-02FA-41E8-8171-2270000474F6} = {0E659BF9-B1F2-4302-87D1-8FB27668C5CF}
		{3B598E0A-EA67-490C-B1EC-BE8CC0D8186E} = {987D4805-BA34-49CA-B85D-35948D47E24B}
		{9ADE7C6E-0A9C-4452-93DC-ADA1406B891A} = {DFCD7792-EB12-40A7-9C54-130F3AA626E2}
		{6F099716-6AC3-4196-8161-2F2A55ADE354} = {DFCD7792-EB12-40A7-9C54-130F3AA626E2}
		{3CC6B43C-FE8D-436C-BAD7-00D0878B641B} = {DFCD7792-EB12-40A7-9C54-130F3AA626E2}
		{2E6A9F99-CBFC-446C-9B96-605EADDF81CC} = {DFCD7792-EB12-40A7-9C54-130F3AA626E2}
		{B59B99E4-21FB-4CDD-843C-0491F52DC966} = {DFCD7792-EB12-40A7-9C54-130F3AA626E2}
		{B7D408E4-AEF1-449D-B519-FEE2C8F94C1F} = {9ADE7C6E-0A9C-4452-93DC-ADA1406B891A}
		{D5D05332-EF23-4B5F-BABD-2BA89269A2D8} = {9ADE7C6E-0A9C-4452-93DC-ADA1406B891A}
		{8900F796-2BAF-49B8-9BB4-D54A029ABCE3} = {9ADE7C6E-0A9C-4452-93DC-ADA1406B891A}
		{CBA8ABDF-0E7D-468C-954D-A4B4B08659B4} = {9ADE7C6E-0A9C-4452-93DC-ADA1406B891A}
		{22E36355-4D54-4914-8380-882D1F47E9D8} = {9ADE7C6E-0A9C-4452-93DC-ADA1406B891A}
		{BFF9ADE0-DE2E-4ADA-A7F2-E5EA27B42D82} = {9ADE7C6E-0A9C-4452-93DC-ADA1406B891A}
		{1DF97C58-C7DC-4C3B-8BD8-0EF2B8B6DA83} = {B7D408E4-AEF1-449D-B519-FEE2C8F94C1F}
		{05695495-5041-41BE-A6A0-07B25EA20C17} = {B7D408E4-AEF1-449D-B519-FEE2C8F94C1F}
		{9E2053EC-A1E5-4080-9658-A14304B76A9E} = {D5D05332-EF23-4B5F-BABD-2BA89269A2D8}
		{982ADEED-52C5-4BD2-89F9-C9CA7107F9F1} = {D5D05332-EF23-4B5F-BABD-2BA89269A2D8}
		{39D03A58-7012-45AA-A9E7-3026A397F7C0} = {8900F796-2BAF-49B8-9BB4-D54A029ABCE3}
		{7E6A30F6-D79A-4406-9152-C05181069B35} = {8900F796-2BAF-49B8-9BB4-D54A029ABCE3}
		{A76DC8DA-5292-4E57-A01C-C64813502DD2} = {CBA8ABDF-0E7D-468C-954D-A4B4B08659B4}
		{30FCF629-42D1-4558-A221-12C26CFC71F6} = {CBA8ABDF-0E7D-468C-954D-A4B4B08659B4}
		{341E9291-FC3F-4F64-BBF8-B4D21E987990} = {22E36355-4D54-4914-8380-882D1F47E9D8}
		{3C0AF4EE-26FE-4E8E-A43D-B610B950B184} = {22E36355-4D54-4914-8380-882D1F47E9D8}
		{F658BA2C-10F9-411E-953E-1019E2E11283} = {BFF9ADE0-DE2E-4ADA-A7F2-E5EA27B42D82}
		{7684B167-917D-475B-A65A-292188674ECF} = {BFF9ADE0-DE2E-4ADA-A7F2-E5EA27B42D82}
		{FD847DD7-690D-4B08-9BD1-78CD168E03FB} = {6F099716-6AC3-4196-8161-2F2A55ADE354}
		{36D90A9C-5896-4D8F-9D17-40846ADBF4EF} = {FD847DD7-690D-4B08-9BD1-78CD168E03FB}
		{D484DD1F-D4FC-44DD-8B3F-B288B27CE6C8} = {FD847DD7-690D-4B08-9BD1-78CD168E03FB}
		{C6286844-394A-40D2-910A-CF5806CA5583} = {3CC6B43C-FE8D-436C-BAD7-00D0878B641B}
		{69B89370-5F11-4D6C-9386-C8D7A25B188C} = {3CC6B43C-FE8D-436C-BAD7-00D0878B641B}
		{52A037DA-26A1-404D-AB49-10552BA06521} = {2E6A9F99-CBFC-446C-9B96-605EADDF81CC}
		{E26C4A25-44AD-413D-A7B0-8AB6299C565B} = {52A037DA-26A1-404D-AB49-10552BA06521}
		{B0303E30-FAB8-48A7-B37D-D2377D4A02CF} = {52A037DA-26A1-404D-AB49-10552BA06521}
		{CDE048ED-5482-4A37-A53B-D1EB23C8710F} = {B59B99E4-21FB-4CDD-843C-0491F52DC966}
		{EA4F0C4F-5B79-4186-ADEA-CED22DD1B2A2} = {B59B99E4-21FB-4CDD-843C-0491F52DC966}
	EndGlobalSection
EndGlobal
