
Microsoft Visual Studio Solution File, Format Version 12.00
# Visual Studio 2012
Project("{FAE04EC0-301F-11D3-BF4B-00C04F79EFBC}") = "csharp-language-features", "csharp-language-features\csharp-language-features.csproj", "{C5C87041-02FA-41E8-8171-2270000474F6}"
EndProject
Global
	GlobalSection(SolutionConfigurationPlatforms) = preSolution
		Debug|Any CPU = Debug|Any CPU
		Release|Any CPU = Release|Any CPU
	EndGlobalSection
	GlobalSection(ProjectConfigurationPlatforms) = postSolution
		{C5C87041-02FA-41E8-8171-2270000474F6}.Debug|Any CPU.ActiveCfg = Debug|Any CPU
		{C5C87041-02FA-41E8-8171-2270000474F6}.Debug|Any CPU.Build.0 = Debug|Any CPU
		{C5C87041-02FA-41E8-8171-2270000474F6}.Release|Any CPU.ActiveCfg = Release|Any CPU
		{C5C87041-02FA-41E8-8171-2270000474F6}.Release|Any CPU.Build.0 = Release|Any CPU
	EndGlobalSection
	GlobalSection(SolutionProperties) = preSolution
		HideSolutionNode = FALSE
	EndGlobalSection
EndGlobal
